
Microsoft Visual Studio Solution File, Format Version 12.00
# Visual Studio Version 16
VisualStudioVersion = 16.0.30907.101
MinimumVisualStudioVersion = 10.0.40219.1
Project("{FAE04EC0-301F-11D3-BF4B-00C04F79EFBC}") = "MvcProje", "MvcProje\MvcProje.csproj", "{DBA97C0E-7BE1-4F01-BC28-A3644A37F1B6}"
EndProject
Project("{FAE04EC0-301F-11D3-BF4B-00C04F79EFBC}") = "EntityLayer", "EntityLayer\EntityLayer.csproj", "{50D86FEE-E587-4758-8D28-8E5209BC35CF}"
EndProject
Project("{FAE04EC0-301F-11D3-BF4B-00C04F79EFBC}") = "DataAccessLayer", "DataAccessLayer\DataAccessLayer.csproj", "{5D902CCB-E872-4EC2-A4F9-DA482AB0EDFB}"
EndProject
Project("{FAE04EC0-301F-11D3-BF4B-00C04F79EFBC}") = "BusinessLayer", "BusinessLayer\BusinessLayer.csproj", "{7D89E49E-1705-43C5-A68B-E88BE67E0C75}"
EndProject
Global
	GlobalSection(SolutionConfigurationPlatforms) = preSolution
		Debug|Any CPU = Debug|Any CPU
		Release|Any CPU = Release|Any CPU
	EndGlobalSection
	GlobalSection(ProjectConfigurationPlatforms) = postSolution
		{DBA97C0E-7BE1-4F01-BC28-A3644A37F1B6}.Debug|Any CPU.ActiveCfg = Debug|Any CPU
		{DBA97C0E-7BE1-4F01-BC28-A3644A37F1B6}.Debug|Any CPU.Build.0 = Debug|Any CPU
		{DBA97C0E-7BE1-4F01-BC28-A3644A37F1B6}.Release|Any CPU.ActiveCfg = Release|Any CPU
		{DBA97C0E-7BE1-4F01-BC28-A3644A37F1B6}.Release|Any CPU.Build.0 = Release|Any CPU
		{50D86FEE-E587-4758-8D28-8E5209BC35CF}.Debug|Any CPU.ActiveCfg = Debug|Any CPU
		{50D86FEE-E587-4758-8D28-8E5209BC35CF}.Debug|Any CPU.Build.0 = Debug|Any CPU
		{50D86FEE-E587-4758-8D28-8E5209BC35CF}.Release|Any CPU.ActiveCfg = Release|Any CPU
		{50D86FEE-E587-4758-8D28-8E5209BC35CF}.Release|Any CPU.Build.0 = Release|Any CPU
		{5D902CCB-E872-4EC2-A4F9-DA482AB0EDFB}.Debug|Any CPU.ActiveCfg = Debug|Any CPU
		{5D902CCB-E872-4EC2-A4F9-DA482AB0EDFB}.Debug|Any CPU.Build.0 = Debug|Any CPU
		{5D902CCB-E872-4EC2-A4F9-DA482AB0EDFB}.Release|Any CPU.ActiveCfg = Release|Any CPU
		{5D902CCB-E872-4EC2-A4F9-DA482AB0EDFB}.Release|Any CPU.Build.0 = Release|Any CPU
		{7D89E49E-1705-43C5-A68B-E88BE67E0C75}.Debug|Any CPU.ActiveCfg = Debug|Any CPU
		{7D89E49E-1705-43C5-A68B-E88BE67E0C75}.Debug|Any CPU.Build.0 = Debug|Any CPU
		{7D89E49E-1705-43C5-A68B-E88BE67E0C75}.Release|Any CPU.ActiveCfg = Release|Any CPU
		{7D89E49E-1705-43C5-A68B-E88BE67E0C75}.Release|Any CPU.Build.0 = Release|Any CPU
	EndGlobalSection
	GlobalSection(SolutionProperties) = preSolution
		HideSolutionNode = FALSE
	EndGlobalSection
	GlobalSection(ExtensibilityGlobals) = postSolution
		SolutionGuid = {9F27A76E-1B11-4BDD-9727-9AA68F21D63F}
	EndGlobalSection
EndGlobal
